# THIS IS AN AUTOGENERATED FILE. DO NOT EDIT THIS FILE DIRECTLY.
# yarn lockfile v1


"@angular/core@^2.0.0":
  version "2.4.1"
  resolved "https://registry.yarnpkg.com/@angular/core/-/core-2.4.1.tgz#3a6d2dc7fd86fdebe4febae7eb28abad7d04c76a"

"qrcode-generator@git+https://github.com/nacardin/qrcode-generator.git", "qrcode-generator@git://github.com/nacardin/qrcode-generator.git":
  version "1.0.7"
  resolved "git+https://github.com/nacardin/qrcode-generator.git#6885ac667897607f327d15070433fa51e5d18e12"

typescript@^2.0.0:
  version "2.1.4"
  resolved "https://registry.yarnpkg.com/typescript/-/typescript-2.1.4.tgz#b53b69fb841126acb1dd4b397d21daba87572251"
